
Microsoft Visual Studio Solution File, Format Version 12.00
# Visual Studio 14
VisualStudioVersion = 14.0.22823.1
MinimumVisualStudioVersion = 10.0.40219.1
Project("{FAE04EC0-301F-11D3-BF4B-00C04F79EFBC}") = "NinjaPoker", "NinjaPoker\NinjaPoker.csproj", "{5F441BA7-DFFA-4A31-9271-DDD7896151E4}"
EndProject
Project("{FAE04EC0-301F-11D3-BF4B-00C04F79EFBC}") = "SPAHelper.4.0", "..\..\..\git\SPAHelper\SPAHelper\SPAHelper.4.0.csproj", "{909666FF-501B-405F-BEFA-1CBDF60A10B7}"
EndProject
Global
	GlobalSection(SolutionConfigurationPlatforms) = preSolution
		Debug|Any CPU = Debug|Any CPU
		Release|Any CPU = Release|Any CPU
	EndGlobalSection
	GlobalSection(ProjectConfigurationPlatforms) = postSolution
		{5F441BA7-DFFA-4A31-9271-DDD7896151E4}.Debug|Any CPU.ActiveCfg = Debug|Any CPU
		{5F441BA7-DFFA-4A31-9271-DDD7896151E4}.Debug|Any CPU.Build.0 = Debug|Any CPU
		{5F441BA7-DFFA-4A31-9271-DDD7896151E4}.Release|Any CPU.ActiveCfg = Release|Any CPU
		{5F441BA7-DFFA-4A31-9271-DDD7896151E4}.Release|Any CPU.Build.0 = Release|Any CPU
		{909666FF-501B-405F-BEFA-1CBDF60A10B7}.Debug|Any CPU.ActiveCfg = Debug|Any CPU
		{909666FF-501B-405F-BEFA-1CBDF60A10B7}.Debug|Any CPU.Build.0 = Debug|Any CPU
		{909666FF-501B-405F-BEFA-1CBDF60A10B7}.Release|Any CPU.ActiveCfg = Release|Any CPU
		{909666FF-501B-405F-BEFA-1CBDF60A10B7}.Release|Any CPU.Build.0 = Release|Any CPU
	EndGlobalSection
	GlobalSection(SolutionProperties) = preSolution
		HideSolutionNode = FALSE
	EndGlobalSection
EndGlobal
